// !$*UTF8*$!
{
	archiveVersion = 1;
	classes = {
	};
	objectVersion = 55;
	objects = {

/* Begin PBXBuildFile section */
		183C11D9286397BF0071A291 /* ReceiveView.swift in Sources */ = {isa = PBXBuildFile; fileRef = 183C11D8286397BF0071A291 /* ReceiveView.swift */; };
		183C11DB28639CBA0071A291 /* BasicTextStyle.swift in Sources */ = {isa = PBXBuildFile; fileRef = 183C11DA28639CBA0071A291 /* BasicTextStyle.swift */; };
		183C11DD286448530071A291 /* BasicButton.swift in Sources */ = {isa = PBXBuildFile; fileRef = 183C11DC286448530071A291 /* BasicButton.swift */; };
		183C11DF28644B5D0071A291 /* SendView.swift in Sources */ = {isa = PBXBuildFile; fileRef = 183C11DE28644B5D0071A291 /* SendView.swift */; };
		1873A57D288101DC00F21212 /* BitcoinDevKit in Frameworks */ = {isa = PBXBuildFile; productRef = 1873A57C288101DC00F21212 /* BitcoinDevKit */; };
		1873A581288104AF00F21212 /* CodeScanner in Frameworks */ = {isa = PBXBuildFile; productRef = 1873A580288104AF00F21212 /* CodeScanner */; };
		18794607288649A900FB6AEC /* SingleTxView.swift in Sources */ = {isa = PBXBuildFile; fileRef = 18794606288649A900FB6AEC /* SingleTxView.swift */; };
		187946092889139100FB6AEC /* DateExtension.swift in Sources */ = {isa = PBXBuildFile; fileRef = 187946082889139100FB6AEC /* DateExtension.swift */; };
		187A3A57288918B40040D7CA /* bdkTransactionExtension.swift in Sources */ = {isa = PBXBuildFile; fileRef = 187A3A56288918B40040D7CA /* bdkTransactionExtension.swift */; };
		187A3A59288920790040D7CA /* BitcoinWalletView.swift in Sources */ = {isa = PBXBuildFile; fileRef = 187A3A58288920790040D7CA /* BitcoinWalletView.swift */; };
		187A3A5B288921370040D7CA /* LightningWalletView.swift in Sources */ = {isa = PBXBuildFile; fileRef = 187A3A5A288921370040D7CA /* LightningWalletView.swift */; };
		187A3A5D28892E760040D7CA /* Repository.swift in Sources */ = {isa = PBXBuildFile; fileRef = 187A3A5C28892E760040D7CA /* Repository.swift */; };
		187A3A5F28893EC90040D7CA /* CreateNewWalletView.swift in Sources */ = {isa = PBXBuildFile; fileRef = 187A3A5E28893EC90040D7CA /* CreateNewWalletView.swift */; };
		18A581C92883759F00FD076B /* WalletView.swift in Sources */ = {isa = PBXBuildFile; fileRef = 18A581C82883759F00FD076B /* WalletView.swift */; };
		18A581CB2883770100FD076B /* TransactionHistoryView.swift in Sources */ = {isa = PBXBuildFile; fileRef = 18A581CA2883770100FD076B /* TransactionHistoryView.swift */; };
		18A581CD2886179400FD076B /* NewSendView.swift in Sources */ = {isa = PBXBuildFile; fileRef = 18A581CC2886179400FD076B /* NewSendView.swift */; };
		18DDCC32284847BD0051BBE0 /* CryptoMXWalletApp.swift in Sources */ = {isa = PBXBuildFile; fileRef = 18DDCC31284847BD0051BBE0 /* CryptoMXWalletApp.swift */; };
		18DDCC36284847C00051BBE0 /* Assets.xcassets in Resources */ = {isa = PBXBuildFile; fileRef = 18DDCC35284847C00051BBE0 /* Assets.xcassets */; };
		18DDCC39284847C00051BBE0 /* Preview Assets.xcassets in Resources */ = {isa = PBXBuildFile; fileRef = 18DDCC38284847C00051BBE0 /* Preview Assets.xcassets */; };
		18DDCC4328484C3A0051BBE0 /* ContentView.swift in Sources */ = {isa = PBXBuildFile; fileRef = 18DDCC4228484C3A0051BBE0 /* ContentView.swift */; };
		18DDCC4A28484D2F0051BBE0 /* PrimaryButton.swift in Sources */ = {isa = PBXBuildFile; fileRef = 18DDCC4928484D2F0051BBE0 /* PrimaryButton.swift */; };
		18DDCC4D28484E200051BBE0 /* lilacTitle.swift in Sources */ = {isa = PBXBuildFile; fileRef = 18DDCC4C28484E200051BBE0 /* lilacTitle.swift */; };
		18DDCC502848508F0051BBE0 /* Wallet.swift in Sources */ = {isa = PBXBuildFile; fileRef = 18DDCC4F2848508F0051BBE0 /* Wallet.swift */; };
		18DDCC55284889920051BBE0 /* BalanceDisplay.swift in Sources */ = {isa = PBXBuildFile; fileRef = 18DDCC54284889920051BBE0 /* BalanceDisplay.swift */; };
/* End PBXBuildFile section */

/* Begin PBXFileReference section */
		183C11D72863856A0071A291 /* MyPlayground.playground */ = {isa = PBXFileReference; lastKnownFileType = file.playground; name = MyPlayground.playground; path = ../MyPlayground.playground; sourceTree = "<group>"; xcLanguageSpecificationIdentifier = xcode.lang.swift; };
		183C11D8286397BF0071A291 /* ReceiveView.swift */ = {isa = PBXFileReference; lastKnownFileType = sourcecode.swift; path = ReceiveView.swift; sourceTree = "<group>"; };
		183C11DA28639CBA0071A291 /* BasicTextStyle.swift */ = {isa = PBXFileReference; lastKnownFileType = sourcecode.swift; path = BasicTextStyle.swift; sourceTree = "<group>"; };
		183C11DC286448530071A291 /* BasicButton.swift */ = {isa = PBXFileReference; lastKnownFileType = sourcecode.swift; path = BasicButton.swift; sourceTree = "<group>"; };
		183C11DE28644B5D0071A291 /* SendView.swift */ = {isa = PBXFileReference; lastKnownFileType = sourcecode.swift; path = SendView.swift; sourceTree = "<group>"; };
		18794606288649A900FB6AEC /* SingleTxView.swift */ = {isa = PBXFileReference; lastKnownFileType = sourcecode.swift; path = SingleTxView.swift; sourceTree = "<group>"; };
		187946082889139100FB6AEC /* DateExtension.swift */ = {isa = PBXFileReference; lastKnownFileType = sourcecode.swift; path = DateExtension.swift; sourceTree = "<group>"; };
		187A3A56288918B40040D7CA /* bdkTransactionExtension.swift */ = {isa = PBXFileReference; lastKnownFileType = sourcecode.swift; path = bdkTransactionExtension.swift; sourceTree = "<group>"; };
		187A3A58288920790040D7CA /* BitcoinWalletView.swift */ = {isa = PBXFileReference; lastKnownFileType = sourcecode.swift; path = BitcoinWalletView.swift; sourceTree = "<group>"; };
		187A3A5A288921370040D7CA /* LightningWalletView.swift */ = {isa = PBXFileReference; lastKnownFileType = sourcecode.swift; path = LightningWalletView.swift; sourceTree = "<group>"; };
		187A3A5C28892E760040D7CA /* Repository.swift */ = {isa = PBXFileReference; lastKnownFileType = sourcecode.swift; path = Repository.swift; sourceTree = "<group>"; };
		187A3A5E28893EC90040D7CA /* CreateNewWalletView.swift */ = {isa = PBXFileReference; lastKnownFileType = sourcecode.swift; path = CreateNewWalletView.swift; sourceTree = "<group>"; };
		18A581C82883759F00FD076B /* WalletView.swift */ = {isa = PBXFileReference; lastKnownFileType = sourcecode.swift; path = WalletView.swift; sourceTree = "<group>"; };
		18A581CA2883770100FD076B /* TransactionHistoryView.swift */ = {isa = PBXFileReference; lastKnownFileType = sourcecode.swift; path = TransactionHistoryView.swift; sourceTree = "<group>"; };
		18A581CC2886179400FD076B /* NewSendView.swift */ = {isa = PBXFileReference; lastKnownFileType = sourcecode.swift; path = NewSendView.swift; sourceTree = "<group>"; };
		18DDCC2E284847BD0051BBE0 /* CryptoMXWallet.app */ = {isa = PBXFileReference; explicitFileType = wrapper.application; includeInIndex = 0; path = CryptoMXWallet.app; sourceTree = BUILT_PRODUCTS_DIR; };
		18DDCC31284847BD0051BBE0 /* CryptoMXWalletApp.swift */ = {isa = PBXFileReference; lastKnownFileType = sourcecode.swift; path = CryptoMXWalletApp.swift; sourceTree = "<group>"; };
		18DDCC35284847C00051BBE0 /* Assets.xcassets */ = {isa = PBXFileReference; lastKnownFileType = folder.assetcatalog; path = Assets.xcassets; sourceTree = "<group>"; };
		18DDCC38284847C00051BBE0 /* Preview Assets.xcassets */ = {isa = PBXFileReference; lastKnownFileType = folder.assetcatalog; path = "Preview Assets.xcassets"; sourceTree = "<group>"; };
		18DDCC4228484C3A0051BBE0 /* ContentView.swift */ = {isa = PBXFileReference; fileEncoding = 4; lastKnownFileType = sourcecode.swift; path = ContentView.swift; sourceTree = "<group>"; };
		18DDCC4928484D2F0051BBE0 /* PrimaryButton.swift */ = {isa = PBXFileReference; lastKnownFileType = sourcecode.swift; path = PrimaryButton.swift; sourceTree = "<group>"; };
		18DDCC4C28484E200051BBE0 /* lilacTitle.swift */ = {isa = PBXFileReference; lastKnownFileType = sourcecode.swift; path = lilacTitle.swift; sourceTree = "<group>"; };
		18DDCC4F2848508F0051BBE0 /* Wallet.swift */ = {isa = PBXFileReference; lastKnownFileType = sourcecode.swift; path = Wallet.swift; sourceTree = "<group>"; };
		18DDCC54284889920051BBE0 /* BalanceDisplay.swift */ = {isa = PBXFileReference; lastKnownFileType = sourcecode.swift; path = BalanceDisplay.swift; sourceTree = "<group>"; };
/* End PBXFileReference section */

/* Begin PBXFrameworksBuildPhase section */
		18DDCC2B284847BD0051BBE0 /* Frameworks */ = {
			isa = PBXFrameworksBuildPhase;
			buildActionMask = 2147483647;
			files = (
				1873A581288104AF00F21212 /* CodeScanner in Frameworks */,
				1873A57D288101DC00F21212 /* BitcoinDevKit in Frameworks */,
			);
			runOnlyForDeploymentPostprocessing = 0;
		};
/* End PBXFrameworksBuildPhase section */

/* Begin PBXGroup section */
		18DDCC25284847BD0051BBE0 = {
			isa = PBXGroup;
			children = (
				183C11D72863856A0071A291 /* MyPlayground.playground */,
				18DDCC30284847BD0051BBE0 /* CryptoMXWallet */,
				18DDCC2F284847BD0051BBE0 /* Products */,
			);
			sourceTree = "<group>";
		};
		18DDCC2F284847BD0051BBE0 /* Products */ = {
			isa = PBXGroup;
			children = (
				18DDCC2E284847BD0051BBE0 /* CryptoMXWallet.app */,
			);
			name = Products;
			sourceTree = "<group>";
		};
		18DDCC30284847BD0051BBE0 /* CryptoMXWallet */ = {
			isa = PBXGroup;
			children = (
				18DDCC4E2848507A0051BBE0 /* Models */,
				18DDCC4B28484DFC0051BBE0 /* Extensions */,
				18DDCC4628484C7E0051BBE0 /* Components */,
				18DDCC3F28484BC20051BBE0 /* Views */,
				18DDCC31284847BD0051BBE0 /* CryptoMXWalletApp.swift */,
				18DDCC35284847C00051BBE0 /* Assets.xcassets */,
				18DDCC37284847C00051BBE0 /* Preview Content */,
			);
			path = CryptoMXWallet;
			sourceTree = "<group>";
		};
		18DDCC37284847C00051BBE0 /* Preview Content */ = {
			isa = PBXGroup;
			children = (
				18DDCC38284847C00051BBE0 /* Preview Assets.xcassets */,
			);
			path = "Preview Content";
			sourceTree = "<group>";
		};
		18DDCC3F28484BC20051BBE0 /* Views */ = {
			isa = PBXGroup;
			children = (
				18A581C82883759F00FD076B /* WalletView.swift */,
				187A3A58288920790040D7CA /* BitcoinWalletView.swift */,
				187A3A5A288921370040D7CA /* LightningWalletView.swift */,
				18DDCC4228484C3A0051BBE0 /* ContentView.swift */,
				187A3A5E28893EC90040D7CA /* CreateNewWalletView.swift */,
				183C11D8286397BF0071A291 /* ReceiveView.swift */,
				183C11DE28644B5D0071A291 /* SendView.swift */,
				18A581CC2886179400FD076B /* NewSendView.swift */,
				18A581CA2883770100FD076B /* TransactionHistoryView.swift */,
				18794606288649A900FB6AEC /* SingleTxView.swift */,
			);
			path = Views;
			sourceTree = "<group>";
		};
		18DDCC4628484C7E0051BBE0 /* Components */ = {
			isa = PBXGroup;
			children = (
				18DDCC4928484D2F0051BBE0 /* PrimaryButton.swift */,
				18DDCC54284889920051BBE0 /* BalanceDisplay.swift */,
				183C11DC286448530071A291 /* BasicButton.swift */,
			);
			path = Components;
			sourceTree = "<group>";
		};
		18DDCC4B28484DFC0051BBE0 /* Extensions */ = {
			isa = PBXGroup;
			children = (
				18DDCC4C28484E200051BBE0 /* lilacTitle.swift */,
				183C11DA28639CBA0071A291 /* BasicTextStyle.swift */,
				187946082889139100FB6AEC /* DateExtension.swift */,
				187A3A56288918B40040D7CA /* bdkTransactionExtension.swift */,
			);
			path = Extensions;
			sourceTree = "<group>";
		};
		18DDCC4E2848507A0051BBE0 /* Models */ = {
			isa = PBXGroup;
			children = (
				18DDCC4F2848508F0051BBE0 /* Wallet.swift */,
				187A3A5C28892E760040D7CA /* Repository.swift */,
			);
			path = Models;
			sourceTree = "<group>";
		};
/* End PBXGroup section */

/* Begin PBXNativeTarget section */
		18DDCC2D284847BD0051BBE0 /* CryptoMXWallet */ = {
			isa = PBXNativeTarget;
			buildConfigurationList = 18DDCC3C284847C00051BBE0 /* Build configuration list for PBXNativeTarget "CryptoMXWallet" */;
			buildPhases = (
				18DDCC2A284847BD0051BBE0 /* Sources */,
				18DDCC2B284847BD0051BBE0 /* Frameworks */,
				18DDCC2C284847BD0051BBE0 /* Resources */,
			);
			buildRules = (
			);
			dependencies = (
			);
			name = CryptoMXWallet;
			packageProductDependencies = (
				1873A57C288101DC00F21212 /* BitcoinDevKit */,
				1873A580288104AF00F21212 /* CodeScanner */,
			);
			productName = CryptoMXWallet;
			productReference = 18DDCC2E284847BD0051BBE0 /* CryptoMXWallet.app */;
			productType = "com.apple.product-type.application";
		};
/* End PBXNativeTarget section */

/* Begin PBXProject section */
		18DDCC26284847BD0051BBE0 /* Project object */ = {
			isa = PBXProject;
			attributes = {
				BuildIndependentTargetsInParallel = 1;
				LastSwiftUpdateCheck = 1340;
				LastUpgradeCheck = 1340;
				TargetAttributes = {
					18DDCC2D284847BD0051BBE0 = {
						CreatedOnToolsVersion = 13.4;
					};
				};
			};
			buildConfigurationList = 18DDCC29284847BD0051BBE0 /* Build configuration list for PBXProject "CryptoMXWallet" */;
			compatibilityVersion = "Xcode 13.0";
			developmentRegion = en;
			hasScannedForEncodings = 0;
			knownRegions = (
				en,
				Base,
			);
			mainGroup = 18DDCC25284847BD0051BBE0;
			packageReferences = (
				1873A57B288101DC00F21212 /* XCRemoteSwiftPackageReference "bdk-swift" */,
				1873A57F288104AF00F21212 /* XCRemoteSwiftPackageReference "CodeScanner" */,
			);
			productRefGroup = 18DDCC2F284847BD0051BBE0 /* Products */;
			projectDirPath = "";
			projectRoot = "";
			targets = (
				18DDCC2D284847BD0051BBE0 /* CryptoMXWallet */,
			);
		};
/* End PBXProject section */

/* Begin PBXResourcesBuildPhase section */
		18DDCC2C284847BD0051BBE0 /* Resources */ = {
			isa = PBXResourcesBuildPhase;
			buildActionMask = 2147483647;
			files = (
				18DDCC39284847C00051BBE0 /* Preview Assets.xcassets in Resources */,
				18DDCC36284847C00051BBE0 /* Assets.xcassets in Resources */,
			);
			runOnlyForDeploymentPostprocessing = 0;
		};
/* End PBXResourcesBuildPhase section */

/* Begin PBXSourcesBuildPhase section */
		18DDCC2A284847BD0051BBE0 /* Sources */ = {
			isa = PBXSourcesBuildPhase;
			buildActionMask = 2147483647;
			files = (
				18DDCC502848508F0051BBE0 /* Wallet.swift in Sources */,
				187946092889139100FB6AEC /* DateExtension.swift in Sources */,
				18A581CB2883770100FD076B /* TransactionHistoryView.swift in Sources */,
				187A3A5B288921370040D7CA /* LightningWalletView.swift in Sources */,
				18794607288649A900FB6AEC /* SingleTxView.swift in Sources */,
				18A581CD2886179400FD076B /* NewSendView.swift in Sources */,
				183C11DB28639CBA0071A291 /* BasicTextStyle.swift in Sources */,
				18DDCC32284847BD0051BBE0 /* CryptoMXWalletApp.swift in Sources */,
				187A3A5D28892E760040D7CA /* Repository.swift in Sources */,
				183C11D9286397BF0071A291 /* ReceiveView.swift in Sources */,
				187A3A5F28893EC90040D7CA /* CreateNewWalletView.swift in Sources */,
				187A3A59288920790040D7CA /* BitcoinWalletView.swift in Sources */,
				18A581C92883759F00FD076B /* WalletView.swift in Sources */,
				18DDCC55284889920051BBE0 /* BalanceDisplay.swift in Sources */,
				18DDCC4D28484E200051BBE0 /* lilacTitle.swift in Sources */,
				183C11DD286448530071A291 /* BasicButton.swift in Sources */,
				187A3A57288918B40040D7CA /* bdkTransactionExtension.swift in Sources */,
				18DDCC4A28484D2F0051BBE0 /* PrimaryButton.swift in Sources */,
				183C11DF28644B5D0071A291 /* SendView.swift in Sources */,
				18DDCC4328484C3A0051BBE0 /* ContentView.swift in Sources */,
			);
			runOnlyForDeploymentPostprocessing = 0;
		};
/* End PBXSourcesBuildPhase section */

/* Begin XCBuildConfiguration section */
		18DDCC3A284847C00051BBE0 /* Debug */ = {
			isa = XCBuildConfiguration;
			buildSettings = {
				ALWAYS_SEARCH_USER_PATHS = NO;
				CLANG_ANALYZER_NONNULL = YES;
				CLANG_ANALYZER_NUMBER_OBJECT_CONVERSION = YES_AGGRESSIVE;
				CLANG_CXX_LANGUAGE_STANDARD = "gnu++17";
				CLANG_ENABLE_MODULES = YES;
				CLANG_ENABLE_OBJC_ARC = YES;
				CLANG_ENABLE_OBJC_WEAK = YES;
				CLANG_WARN_BLOCK_CAPTURE_AUTORELEASING = YES;
				CLANG_WARN_BOOL_CONVERSION = YES;
				CLANG_WARN_COMMA = YES;
				CLANG_WARN_CONSTANT_CONVERSION = YES;
				CLANG_WARN_DEPRECATED_OBJC_IMPLEMENTATIONS = YES;
				CLANG_WARN_DIRECT_OBJC_ISA_USAGE = YES_ERROR;
				CLANG_WARN_DOCUMENTATION_COMMENTS = YES;
				CLANG_WARN_EMPTY_BODY = YES;
				CLANG_WARN_ENUM_CONVERSION = YES;
				CLANG_WARN_INFINITE_RECURSION = YES;
				CLANG_WARN_INT_CONVERSION = YES;
				CLANG_WARN_NON_LITERAL_NULL_CONVERSION = YES;
				CLANG_WARN_OBJC_IMPLICIT_RETAIN_SELF = YES;
				CLANG_WARN_OBJC_LITERAL_CONVERSION = YES;
				CLANG_WARN_OBJC_ROOT_CLASS = YES_ERROR;
				CLANG_WARN_QUOTED_INCLUDE_IN_FRAMEWORK_HEADER = YES;
				CLANG_WARN_RANGE_LOOP_ANALYSIS = YES;
				CLANG_WARN_STRICT_PROTOTYPES = YES;
				CLANG_WARN_SUSPICIOUS_MOVE = YES;
				CLANG_WARN_UNGUARDED_AVAILABILITY = YES_AGGRESSIVE;
				CLANG_WARN_UNREACHABLE_CODE = YES;
				CLANG_WARN__DUPLICATE_METHOD_MATCH = YES;
				COPY_PHASE_STRIP = NO;
				DEBUG_INFORMATION_FORMAT = dwarf;
				ENABLE_STRICT_OBJC_MSGSEND = YES;
				ENABLE_TESTABILITY = YES;
				GCC_C_LANGUAGE_STANDARD = gnu11;
				GCC_DYNAMIC_NO_PIC = NO;
				GCC_NO_COMMON_BLOCKS = YES;
				GCC_OPTIMIZATION_LEVEL = 0;
				GCC_PREPROCESSOR_DEFINITIONS = (
					"DEBUG=1",
					"$(inherited)",
				);
				GCC_WARN_64_TO_32_BIT_CONVERSION = YES;
				GCC_WARN_ABOUT_RETURN_TYPE = YES_ERROR;
				GCC_WARN_UNDECLARED_SELECTOR = YES;
				GCC_WARN_UNINITIALIZED_AUTOS = YES_AGGRESSIVE;
				GCC_WARN_UNUSED_FUNCTION = YES;
				GCC_WARN_UNUSED_VARIABLE = YES;
				IPHONEOS_DEPLOYMENT_TARGET = 15.4;
				MTL_ENABLE_DEBUG_INFO = INCLUDE_SOURCE;
				MTL_FAST_MATH = YES;
				ONLY_ACTIVE_ARCH = YES;
				SDKROOT = iphoneos;
				SWIFT_ACTIVE_COMPILATION_CONDITIONS = DEBUG;
				SWIFT_OPTIMIZATION_LEVEL = "-Onone";
			};
			name = Debug;
		};
		18DDCC3B284847C00051BBE0 /* Release */ = {
			isa = XCBuildConfiguration;
			buildSettings = {
				ALWAYS_SEARCH_USER_PATHS = NO;
				CLANG_ANALYZER_NONNULL = YES;
				CLANG_ANALYZER_NUMBER_OBJECT_CONVERSION = YES_AGGRESSIVE;
				CLANG_CXX_LANGUAGE_STANDARD = "gnu++17";
				CLANG_ENABLE_MODULES = YES;
				CLANG_ENABLE_OBJC_ARC = YES;
				CLANG_ENABLE_OBJC_WEAK = YES;
				CLANG_WARN_BLOCK_CAPTURE_AUTORELEASING = YES;
				CLANG_WARN_BOOL_CONVERSION = YES;
				CLANG_WARN_COMMA = YES;
				CLANG_WARN_CONSTANT_CONVERSION = YES;
				CLANG_WARN_DEPRECATED_OBJC_IMPLEMENTATIONS = YES;
				CLANG_WARN_DIRECT_OBJC_ISA_USAGE = YES_ERROR;
				CLANG_WARN_DOCUMENTATION_COMMENTS = YES;
				CLANG_WARN_EMPTY_BODY = YES;
				CLANG_WARN_ENUM_CONVERSION = YES;
				CLANG_WARN_INFINITE_RECURSION = YES;
				CLANG_WARN_INT_CONVERSION = YES;
				CLANG_WARN_NON_LITERAL_NULL_CONVERSION = YES;
				CLANG_WARN_OBJC_IMPLICIT_RETAIN_SELF = YES;
				CLANG_WARN_OBJC_LITERAL_CONVERSION = YES;
				CLANG_WARN_OBJC_ROOT_CLASS = YES_ERROR;
				CLANG_WARN_QUOTED_INCLUDE_IN_FRAMEWORK_HEADER = YES;
				CLANG_WARN_RANGE_LOOP_ANALYSIS = YES;
				CLANG_WARN_STRICT_PROTOTYPES = YES;
				CLANG_WARN_SUSPICIOUS_MOVE = YES;
				CLANG_WARN_UNGUARDED_AVAILABILITY = YES_AGGRESSIVE;
				CLANG_WARN_UNREACHABLE_CODE = YES;
				CLANG_WARN__DUPLICATE_METHOD_MATCH = YES;
				COPY_PHASE_STRIP = NO;
				DEBUG_INFORMATION_FORMAT = "dwarf-with-dsym";
				ENABLE_NS_ASSERTIONS = NO;
				ENABLE_STRICT_OBJC_MSGSEND = YES;
				GCC_C_LANGUAGE_STANDARD = gnu11;
				GCC_NO_COMMON_BLOCKS = YES;
				GCC_WARN_64_TO_32_BIT_CONVERSION = YES;
				GCC_WARN_ABOUT_RETURN_TYPE = YES_ERROR;
				GCC_WARN_UNDECLARED_SELECTOR = YES;
				GCC_WARN_UNINITIALIZED_AUTOS = YES_AGGRESSIVE;
				GCC_WARN_UNUSED_FUNCTION = YES;
				GCC_WARN_UNUSED_VARIABLE = YES;
				IPHONEOS_DEPLOYMENT_TARGET = 15.4;
				MTL_ENABLE_DEBUG_INFO = NO;
				MTL_FAST_MATH = YES;
				SDKROOT = iphoneos;
				SWIFT_COMPILATION_MODE = wholemodule;
				SWIFT_OPTIMIZATION_LEVEL = "-O";
				VALIDATE_PRODUCT = YES;
			};
			name = Release;
		};
		18DDCC3D284847C00051BBE0 /* Debug */ = {
			isa = XCBuildConfiguration;
			buildSettings = {
				ASSETCATALOG_COMPILER_APPICON_NAME = AppIcon;
				ASSETCATALOG_COMPILER_GLOBAL_ACCENT_COLOR_NAME = AccentColor;
				CODE_SIGN_STYLE = Automatic;
				CURRENT_PROJECT_VERSION = 1;
				DEVELOPMENT_ASSET_PATHS = "\"CryptoMXWallet/Preview Content\"";
				DEVELOPMENT_TEAM = ZZB3T3V433;
				ENABLE_PREVIEWS = YES;
				GENERATE_INFOPLIST_FILE = YES;
				INFOPLIST_KEY_NSCameraUsageDescription = "Scan bitcoin addresses for sending";
				INFOPLIST_KEY_UIApplicationSceneManifest_Generation = YES;
				INFOPLIST_KEY_UIApplicationSupportsIndirectInputEvents = YES;
				INFOPLIST_KEY_UILaunchScreen_Generation = YES;
				INFOPLIST_KEY_UISupportedInterfaceOrientations_iPad = "UIInterfaceOrientationPortrait UIInterfaceOrientationPortraitUpsideDown UIInterfaceOrientationLandscapeLeft UIInterfaceOrientationLandscapeRight";
				INFOPLIST_KEY_UISupportedInterfaceOrientations_iPhone = "UIInterfaceOrientationPortrait UIInterfaceOrientationLandscapeLeft UIInterfaceOrientationLandscapeRight";
				LD_RUNPATH_SEARCH_PATHS = (
					"$(inherited)",
					"@executable_path/Frameworks",
				);
				MARKETING_VERSION = 1.0;
				PRODUCT_BUNDLE_IDENTIFIER = com.osvaldo.CryptoMXWallet;
				PRODUCT_NAME = "$(TARGET_NAME)";
				SWIFT_EMIT_LOC_STRINGS = YES;
				SWIFT_VERSION = 5.0;
				TARGETED_DEVICE_FAMILY = "1,2";
			};
			name = Debug;
		};
		18DDCC3E284847C00051BBE0 /* Release */ = {
			isa = XCBuildConfiguration;
			buildSettings = {
				ASSETCATALOG_COMPILER_APPICON_NAME = AppIcon;
				ASSETCATALOG_COMPILER_GLOBAL_ACCENT_COLOR_NAME = AccentColor;
				CODE_SIGN_STYLE = Automatic;
				CURRENT_PROJECT_VERSION = 1;
				DEVELOPMENT_ASSET_PATHS = "\"CryptoMXWallet/Preview Content\"";
				DEVELOPMENT_TEAM = ZZB3T3V433;
				ENABLE_PREVIEWS = YES;
				GENERATE_INFOPLIST_FILE = YES;
				INFOPLIST_KEY_NSCameraUsageDescription = "Scan bitcoin addresses for sending";
				INFOPLIST_KEY_UIApplicationSceneManifest_Generation = YES;
				INFOPLIST_KEY_UIApplicationSupportsIndirectInputEvents = YES;
				INFOPLIST_KEY_UILaunchScreen_Generation = YES;
				INFOPLIST_KEY_UISupportedInterfaceOrientations_iPad = "UIInterfaceOrientationPortrait UIInterfaceOrientationPortraitUpsideDown UIInterfaceOrientationLandscapeLeft UIInterfaceOrientationLandscapeRight";
				INFOPLIST_KEY_UISupportedInterfaceOrientations_iPhone = "UIInterfaceOrientationPortrait UIInterfaceOrientationLandscapeLeft UIInterfaceOrientationLandscapeRight";
				LD_RUNPATH_SEARCH_PATHS = (
					"$(inherited)",
					"@executable_path/Frameworks",
				);
				MARKETING_VERSION = 1.0;
				PRODUCT_BUNDLE_IDENTIFIER = com.osvaldo.CryptoMXWallet;
				PRODUCT_NAME = "$(TARGET_NAME)";
				SWIFT_EMIT_LOC_STRINGS = YES;
				SWIFT_VERSION = 5.0;
				TARGETED_DEVICE_FAMILY = "1,2";
			};
			name = Release;
		};
/* End XCBuildConfiguration section */

/* Begin XCConfigurationList section */
		18DDCC29284847BD0051BBE0 /* Build configuration list for PBXProject "CryptoMXWallet" */ = {
			isa = XCConfigurationList;
			buildConfigurations = (
				18DDCC3A284847C00051BBE0 /* Debug */,
				18DDCC3B284847C00051BBE0 /* Release */,
			);
			defaultConfigurationIsVisible = 0;
			defaultConfigurationName = Release;
		};
		18DDCC3C284847C00051BBE0 /* Build configuration list for PBXNativeTarget "CryptoMXWallet" */ = {
			isa = XCConfigurationList;
			buildConfigurations = (
				18DDCC3D284847C00051BBE0 /* Debug */,
				18DDCC3E284847C00051BBE0 /* Release */,
			);
			defaultConfigurationIsVisible = 0;
			defaultConfigurationName = Release;
		};
/* End XCConfigurationList section */

/* Begin XCRemoteSwiftPackageReference section */
		1873A57B288101DC00F21212 /* XCRemoteSwiftPackageReference "bdk-swift" */ = {
			isa = XCRemoteSwiftPackageReference;
			repositoryURL = "https://github.com/bitcoindevkit/bdk-swift";
			requirement = {
				kind = exactVersion;
				version = 0.3.0;
			};
		};
		1873A57F288104AF00F21212 /* XCRemoteSwiftPackageReference "CodeScanner" */ = {
			isa = XCRemoteSwiftPackageReference;
			repositoryURL = "https://github.com/twostraws/CodeScanner";
			requirement = {
				kind = exactVersion;
				version = 1.1.0;
			};
		};
/* End XCRemoteSwiftPackageReference section */

/* Begin XCSwiftPackageProductDependency section */
		1873A57C288101DC00F21212 /* BitcoinDevKit */ = {
			isa = XCSwiftPackageProductDependency;
			package = 1873A57B288101DC00F21212 /* XCRemoteSwiftPackageReference "bdk-swift" */;
			productName = BitcoinDevKit;
		};
		1873A580288104AF00F21212 /* CodeScanner */ = {
			isa = XCSwiftPackageProductDependency;
			package = 1873A57F288104AF00F21212 /* XCRemoteSwiftPackageReference "CodeScanner" */;
			productName = CodeScanner;
		};
/* End XCSwiftPackageProductDependency section */
	};
	rootObject = 18DDCC26284847BD0051BBE0 /* Project object */;
}
